
Microsoft Visual Studio Solution File, Format Version 12.00
# Visual Studio Version 16
VisualStudioVersion = 16.0.30803.129
MinimumVisualStudioVersion = 10.0.40219.1
Project("{FAE04EC0-301F-11D3-BF4B-00C04F79EFBC}") = "Antique_shop", "Antique_shop\Antique_shop.csproj", "{575AAEAD-4445-4715-9AB4-EF39DBC1ED3E}"
EndProject
Global
	GlobalSection(SolutionConfigurationPlatforms) = preSolution
		Debug|Any CPU = Debug|Any CPU
		Release|Any CPU = Release|Any CPU
	EndGlobalSection
	GlobalSection(ProjectConfigurationPlatforms) = postSolution
		{575AAEAD-4445-4715-9AB4-EF39DBC1ED3E}.Debug|Any CPU.ActiveCfg = Debug|Any CPU
		{575AAEAD-4445-4715-9AB4-EF39DBC1ED3E}.Debug|Any CPU.Build.0 = Debug|Any CPU
		{575AAEAD-4445-4715-9AB4-EF39DBC1ED3E}.Release|Any CPU.ActiveCfg = Release|Any CPU
		{575AAEAD-4445-4715-9AB4-EF39DBC1ED3E}.Release|Any CPU.Build.0 = Release|Any CPU
	EndGlobalSection
	GlobalSection(SolutionProperties) = preSolution
		HideSolutionNode = FALSE
	EndGlobalSection
	GlobalSection(ExtensibilityGlobals) = postSolution
		SolutionGuid = {AEFD00D7-AAAA-4771-AC55-EBFCD5F04F44}
	EndGlobalSection
EndGlobal
